
Microsoft Visual Studio Solution File, Format Version 12.00
# Visual Studio 15
VisualStudioVersion = 15.0.27130.2010
MinimumVisualStudioVersion = 10.0.40219.1
Project("{FAE04EC0-301F-11D3-BF4B-00C04F79EFBC}") = "ForumApp", "ForumApp\ForumApp.csproj", "{2228009A-F49A-4814-B839-028C4E9441EB}"
EndProject
Global
	GlobalSection(SolutionConfigurationPlatforms) = preSolution
		Debug|Any CPU = Debug|Any CPU
		Release|Any CPU = Release|Any CPU
	EndGlobalSection
	GlobalSection(ProjectConfigurationPlatforms) = postSolution
		{2228009A-F49A-4814-B839-028C4E9441EB}.Debug|Any CPU.ActiveCfg = Debug|Any CPU
		{2228009A-F49A-4814-B839-028C4E9441EB}.Debug|Any CPU.Build.0 = Debug|Any CPU
		{2228009A-F49A-4814-B839-028C4E9441EB}.Release|Any CPU.ActiveCfg = Release|Any CPU
		{2228009A-F49A-4814-B839-028C4E9441EB}.Release|Any CPU.Build.0 = Release|Any CPU
	EndGlobalSection
	GlobalSection(SolutionProperties) = preSolution
		HideSolutionNode = FALSE
	EndGlobalSection
	GlobalSection(ExtensibilityGlobals) = postSolution
		SolutionGuid = {D10BF4B7-2A55-471E-9629-5C31730E7C71}
	EndGlobalSection
EndGlobal
